
Microsoft Visual Studio Solution File, Format Version 12.00
# Visual Studio Version 17
VisualStudioVersion = 17.7.34009.444
MinimumVisualStudioVersion = 10.0.40219.1
Project("{FAE04EC0-301F-11D3-BF4B-00C04F79EFBC}") = "QuanLyThuVien", "QuanLyThuVien\QuanLyThuVien.csproj", "{903E9B24-9915-4F28-A780-CC58201A4E34}"
EndProject
Global
	GlobalSection(SolutionConfigurationPlatforms) = preSolution
		Debug|Any CPU = Debug|Any CPU
		Release|Any CPU = Release|Any CPU
	EndGlobalSection
	GlobalSection(ProjectConfigurationPlatforms) = postSolution
		{903E9B24-9915-4F28-A780-CC58201A4E34}.Debug|Any CPU.ActiveCfg = Debug|Any CPU
		{903E9B24-9915-4F28-A780-CC58201A4E34}.Debug|Any CPU.Build.0 = Debug|Any CPU
		{903E9B24-9915-4F28-A780-CC58201A4E34}.Release|Any CPU.ActiveCfg = Release|Any CPU
		{903E9B24-9915-4F28-A780-CC58201A4E34}.Release|Any CPU.Build.0 = Release|Any CPU
	EndGlobalSection
	GlobalSection(SolutionProperties) = preSolution
		HideSolutionNode = FALSE
	EndGlobalSection
	GlobalSection(ExtensibilityGlobals) = postSolution
		SolutionGuid = {5819E748-D0B3-40A3-8886-51B9D1E4A1A1}
	EndGlobalSection
EndGlobal
